
Microsoft Visual Studio Solution File, Format Version 12.00
# Visual Studio Version 16
VisualStudioVersion = 16.0.31205.134
MinimumVisualStudioVersion = 10.0.40219.1
Project("{FAE04EC0-301F-11D3-BF4B-00C04F79EFBC}") = "MySourceConsumer", "MySourceConsumer\MySourceConsumer.csproj", "{073D41AB-A593-4456-AC0F-1568243E9FD2}"
EndProject
Project("{FAE04EC0-301F-11D3-BF4B-00C04F79EFBC}") = "MySourceGenerators", "MySourceGenerators\MySourceGenerators.csproj", "{0609766D-F3A3-453B-8A86-5468C36C3492}"
EndProject
Global
	GlobalSection(SolutionConfigurationPlatforms) = preSolution
		Debug|Any CPU = Debug|Any CPU
		Release|Any CPU = Release|Any CPU
	EndGlobalSection
	GlobalSection(ProjectConfigurationPlatforms) = postSolution
		{073D41AB-A593-4456-AC0F-1568243E9FD2}.Debug|Any CPU.ActiveCfg = Debug|Any CPU
		{073D41AB-A593-4456-AC0F-1568243E9FD2}.Debug|Any CPU.Build.0 = Debug|Any CPU
		{073D41AB-A593-4456-AC0F-1568243E9FD2}.Release|Any CPU.ActiveCfg = Release|Any CPU
		{073D41AB-A593-4456-AC0F-1568243E9FD2}.Release|Any CPU.Build.0 = Release|Any CPU
		{0609766D-F3A3-453B-8A86-5468C36C3492}.Debug|Any CPU.ActiveCfg = Debug|Any CPU
		{0609766D-F3A3-453B-8A86-5468C36C3492}.Debug|Any CPU.Build.0 = Debug|Any CPU
		{0609766D-F3A3-453B-8A86-5468C36C3492}.Release|Any CPU.ActiveCfg = Release|Any CPU
		{0609766D-F3A3-453B-8A86-5468C36C3492}.Release|Any CPU.Build.0 = Release|Any CPU
	EndGlobalSection
	GlobalSection(SolutionProperties) = preSolution
		HideSolutionNode = FALSE
	EndGlobalSection
	GlobalSection(ExtensibilityGlobals) = postSolution
		SolutionGuid = {3C7CD8DB-9913-4CCF-B24A-033688B54A19}
	EndGlobalSection
EndGlobal
